
Microsoft Visual Studio Solution File, Format Version 12.00
# Visual Studio Version 17
VisualStudioVersion = 17.1.31911.260
MinimumVisualStudioVersion = 10.0.40219.1
Project("{9A19103F-16F7-4668-BE54-9A1E7A4F7556}") = "test", "test\test.csproj", "{15F15C42-F883-4784-9ADC-7863BD25BB62}"
EndProject
Project("{9A19103F-16F7-4668-BE54-9A1E7A4F7556}") = "Gateway", "Gateway\Gateway.csproj", "{A5EFE169-6F5D-47CA-B447-F1633F244C34}"
EndProject
Project("{FAE04EC0-301F-11D3-BF4B-00C04F79EFBC}") = "Abstractions", "Abstractions\Abstractions.csproj", "{0B7C7FA4-52F0-44DB-9F41-C4FB39064D43}"
EndProject
Global
	GlobalSection(SolutionConfigurationPlatforms) = preSolution
		Debug|Any CPU = Debug|Any CPU
		Release|Any CPU = Release|Any CPU
	EndGlobalSection
	GlobalSection(ProjectConfigurationPlatforms) = postSolution
		{15F15C42-F883-4784-9ADC-7863BD25BB62}.Debug|Any CPU.ActiveCfg = Debug|Any CPU
		{15F15C42-F883-4784-9ADC-7863BD25BB62}.Debug|Any CPU.Build.0 = Debug|Any CPU
		{15F15C42-F883-4784-9ADC-7863BD25BB62}.Release|Any CPU.ActiveCfg = Release|Any CPU
		{15F15C42-F883-4784-9ADC-7863BD25BB62}.Release|Any CPU.Build.0 = Release|Any CPU
		{A5EFE169-6F5D-47CA-B447-F1633F244C34}.Debug|Any CPU.ActiveCfg = Debug|Any CPU
		{A5EFE169-6F5D-47CA-B447-F1633F244C34}.Debug|Any CPU.Build.0 = Debug|Any CPU
		{A5EFE169-6F5D-47CA-B447-F1633F244C34}.Release|Any CPU.ActiveCfg = Release|Any CPU
		{A5EFE169-6F5D-47CA-B447-F1633F244C34}.Release|Any CPU.Build.0 = Release|Any CPU
		{0B7C7FA4-52F0-44DB-9F41-C4FB39064D43}.Debug|Any CPU.ActiveCfg = Debug|Any CPU
		{0B7C7FA4-52F0-44DB-9F41-C4FB39064D43}.Debug|Any CPU.Build.0 = Debug|Any CPU
		{0B7C7FA4-52F0-44DB-9F41-C4FB39064D43}.Release|Any CPU.ActiveCfg = Release|Any CPU
		{0B7C7FA4-52F0-44DB-9F41-C4FB39064D43}.Release|Any CPU.Build.0 = Release|Any CPU
	EndGlobalSection
	GlobalSection(SolutionProperties) = preSolution
		HideSolutionNode = FALSE
	EndGlobalSection
	GlobalSection(ExtensibilityGlobals) = postSolution
		SolutionGuid = {03D9B851-C09C-4B53-9237-640B94F1A710}
	EndGlobalSection
EndGlobal
